// !$*UTF8*$!
{
	archiveVersion = 1;
	classes = {
	};
	objectVersion = 77;
	objects = {

/* Begin PBXBuildFile section */
		3B15CD4D2DA243520048E30B /* MapLibreSwiftDSL in Frameworks */ = {isa = PBXBuildFile; productRef = 3B15CD4C2DA243520048E30B /* MapLibreSwiftDSL */; };
		3B15CD4F2DA243520048E30B /* MapLibreSwiftMacros in Frameworks */ = {isa = PBXBuildFile; productRef = 3B15CD4E2DA243520048E30B /* MapLibreSwiftMacros */; };
		3B15CD512DA243520048E30B /* MapLibreSwiftUI in Frameworks */ = {isa = PBXBuildFile; productRef = 3B15CD502DA243520048E30B /* MapLibreSwiftUI */; };
/* End PBXBuildFile section */

/* Begin PBXContainerItemProxy section */
		3B15CD292DA23D100048E30B /* PBXContainerItemProxy */ = {
			isa = PBXContainerItemProxy;
			containerPortal = 3B15CD132DA23D0F0048E30B /* Project object */;
			proxyType = 1;
			remoteGlobalIDString = 3B15CD1A2DA23D0F0048E30B;
			remoteInfo = TestPikminMap;
		};
		3B15CD332DA23D100048E30B /* PBXContainerItemProxy */ = {
			isa = PBXContainerItemProxy;
			containerPortal = 3B15CD132DA23D0F0048E30B /* Project object */;
			proxyType = 1;
			remoteGlobalIDString = 3B15CD1A2DA23D0F0048E30B;
			remoteInfo = TestPikminMap;
		};
/* End PBXContainerItemProxy section */

/* Begin PBXFileReference section */
		3B15CD1B2DA23D0F0048E30B /* TestPikminMap.app */ = {isa = PBXFileReference; explicitFileType = wrapper.application; includeInIndex = 0; path = TestPikminMap.app; sourceTree = BUILT_PRODUCTS_DIR; };
		3B15CD282DA23D100048E30B /* TestPikminMapTests.xctest */ = {isa = PBXFileReference; explicitFileType = wrapper.cfbundle; includeInIndex = 0; path = TestPikminMapTests.xctest; sourceTree = BUILT_PRODUCTS_DIR; };
		3B15CD322DA23D100048E30B /* TestPikminMapUITests.xctest */ = {isa = PBXFileReference; explicitFileType = wrapper.cfbundle; includeInIndex = 0; path = TestPikminMapUITests.xctest; sourceTree = BUILT_PRODUCTS_DIR; };
/* End PBXFileReference section */

/* Begin PBXFileSystemSynchronizedRootGroup section */
		3B15CD1D2DA23D0F0048E30B /* TestPikminMap */ = {
			isa = PBXFileSystemSynchronizedRootGroup;
			path = TestPikminMap;
			sourceTree = "<group>";
		};
		3B15CD2B2DA23D100048E30B /* TestPikminMapTests */ = {
			isa = PBXFileSystemSynchronizedRootGroup;
			path = TestPikminMapTests;
			sourceTree = "<group>";
		};
		3B15CD352DA23D100048E30B /* TestPikminMapUITests */ = {
			isa = PBXFileSystemSynchronizedRootGroup;
			path = TestPikminMapUITests;
			sourceTree = "<group>";
		};
/* End PBXFileSystemSynchronizedRootGroup section */

/* Begin PBXFrameworksBuildPhase section */
		3B15CD182DA23D0F0048E30B /* Frameworks */ = {
			isa = PBXFrameworksBuildPhase;
			buildActionMask = 2147483647;
			files = (
				3B15CD512DA243520048E30B /* MapLibreSwiftUI in Frameworks */,
				3B15CD4D2DA243520048E30B /* MapLibreSwiftDSL in Frameworks */,
				3B15CD4F2DA243520048E30B /* MapLibreSwiftMacros in Frameworks */,
			);
			runOnlyForDeploymentPostprocessing = 0;
		};
		3B15CD252DA23D100048E30B /* Frameworks */ = {
			isa = PBXFrameworksBuildPhase;
			buildActionMask = 2147483647;
			files = (
			);
			runOnlyForDeploymentPostprocessing = 0;
		};
		3B15CD2F2DA23D100048E30B /* Frameworks */ = {
			isa = PBXFrameworksBuildPhase;
			buildActionMask = 2147483647;
			files = (
			);
			runOnlyForDeploymentPostprocessing = 0;
		};
/* End PBXFrameworksBuildPhase section */

/* Begin PBXGroup section */
		3B15CD122DA23D0F0048E30B = {
			isa = PBXGroup;
			children = (
				3B15CD1D2DA23D0F0048E30B /* TestPikminMap */,
				3B15CD2B2DA23D100048E30B /* TestPikminMapTests */,
				3B15CD352DA23D100048E30B /* TestPikminMapUITests */,
				3B15CD1C2DA23D0F0048E30B /* Products */,
			);
			sourceTree = "<group>";
		};
		3B15CD1C2DA23D0F0048E30B /* Products */ = {
			isa = PBXGroup;
			children = (
				3B15CD1B2DA23D0F0048E30B /* TestPikminMap.app */,
				3B15CD282DA23D100048E30B /* TestPikminMapTests.xctest */,
				3B15CD322DA23D100048E30B /* TestPikminMapUITests.xctest */,
			);
			name = Products;
			sourceTree = "<group>";
		};
/* End PBXGroup section */

/* Begin PBXNativeTarget section */
		3B15CD1A2DA23D0F0048E30B /* TestPikminMap */ = {
			isa = PBXNativeTarget;
			buildConfigurationList = 3B15CD3C2DA23D100048E30B /* Build configuration list for PBXNativeTarget "TestPikminMap" */;
			buildPhases = (
				3B15CD172DA23D0F0048E30B /* Sources */,
				3B15CD182DA23D0F0048E30B /* Frameworks */,
				3B15CD192DA23D0F0048E30B /* Resources */,
			);
			buildRules = (
			);
			dependencies = (
			);
			fileSystemSynchronizedGroups = (
				3B15CD1D2DA23D0F0048E30B /* TestPikminMap */,
			);
			name = TestPikminMap;
			packageProductDependencies = (
				3B15CD4C2DA243520048E30B /* MapLibreSwiftDSL */,
				3B15CD4E2DA243520048E30B /* MapLibreSwiftMacros */,
				3B15CD502DA243520048E30B /* MapLibreSwiftUI */,
			);
			productName = TestPikminMap;
			productReference = 3B15CD1B2DA23D0F0048E30B /* TestPikminMap.app */;
			productType = "com.apple.product-type.application";
		};
		3B15CD272DA23D100048E30B /* TestPikminMapTests */ = {
			isa = PBXNativeTarget;
			buildConfigurationList = 3B15CD3F2DA23D100048E30B /* Build configuration list for PBXNativeTarget "TestPikminMapTests" */;
			buildPhases = (
				3B15CD242DA23D100048E30B /* Sources */,
				3B15CD252DA23D100048E30B /* Frameworks */,
				3B15CD262DA23D100048E30B /* Resources */,
			);
			buildRules = (
			);
			dependencies = (
				3B15CD2A2DA23D100048E30B /* PBXTargetDependency */,
			);
			fileSystemSynchronizedGroups = (
				3B15CD2B2DA23D100048E30B /* TestPikminMapTests */,
			);
			name = TestPikminMapTests;
			packageProductDependencies = (
			);
			productName = TestPikminMapTests;
			productReference = 3B15CD282DA23D100048E30B /* TestPikminMapTests.xctest */;
			productType = "com.apple.product-type.bundle.unit-test";
		};
		3B15CD312DA23D100048E30B /* TestPikminMapUITests */ = {
			isa = PBXNativeTarget;
			buildConfigurationList = 3B15CD422DA23D100048E30B /* Build configuration list for PBXNativeTarget "TestPikminMapUITests" */;
			buildPhases = (
				3B15CD2E2DA23D100048E30B /* Sources */,
				3B15CD2F2DA23D100048E30B /* Frameworks */,
				3B15CD302DA23D100048E30B /* Resources */,
			);
			buildRules = (
			);
			dependencies = (
				3B15CD342DA23D100048E30B /* PBXTargetDependency */,
			);
			fileSystemSynchronizedGroups = (
				3B15CD352DA23D100048E30B /* TestPikminMapUITests */,
			);
			name = TestPikminMapUITests;
			packageProductDependencies = (
			);
			productName = TestPikminMapUITests;
			productReference = 3B15CD322DA23D100048E30B /* TestPikminMapUITests.xctest */;
			productType = "com.apple.product-type.bundle.ui-testing";
		};
/* End PBXNativeTarget section */

/* Begin PBXProject section */
		3B15CD132DA23D0F0048E30B /* Project object */ = {
			isa = PBXProject;
			attributes = {
				BuildIndependentTargetsInParallel = 1;
				LastSwiftUpdateCheck = 1630;
				LastUpgradeCheck = 1630;
				TargetAttributes = {
					3B15CD1A2DA23D0F0048E30B = {
						CreatedOnToolsVersion = 16.3;
					};
					3B15CD272DA23D100048E30B = {
						CreatedOnToolsVersion = 16.3;
						TestTargetID = 3B15CD1A2DA23D0F0048E30B;
					};
					3B15CD312DA23D100048E30B = {
						CreatedOnToolsVersion = 16.3;
						TestTargetID = 3B15CD1A2DA23D0F0048E30B;
					};
				};
			};
			buildConfigurationList = 3B15CD162DA23D0F0048E30B /* Build configuration list for PBXProject "TestPikminMap" */;
			developmentRegion = en;
			hasScannedForEncodings = 0;
			knownRegions = (
				en,
				Base,
			);
			mainGroup = 3B15CD122DA23D0F0048E30B;
			minimizedProjectReferenceProxies = 1;
			packageReferences = (
				3B15CD4B2DA243520048E30B /* XCRemoteSwiftPackageReference "swiftui-dsl" */,
			);
			preferredProjectObjectVersion = 77;
			productRefGroup = 3B15CD1C2DA23D0F0048E30B /* Products */;
			projectDirPath = "";
			projectRoot = "";
			targets = (
				3B15CD1A2DA23D0F0048E30B /* TestPikminMap */,
				3B15CD272DA23D100048E30B /* TestPikminMapTests */,
				3B15CD312DA23D100048E30B /* TestPikminMapUITests */,
			);
		};
/* End PBXProject section */

/* Begin PBXResourcesBuildPhase section */
		3B15CD192DA23D0F0048E30B /* Resources */ = {
			isa = PBXResourcesBuildPhase;
			buildActionMask = 2147483647;
			files = (
			);
			runOnlyForDeploymentPostprocessing = 0;
		};
		3B15CD262DA23D100048E30B /* Resources */ = {
			isa = PBXResourcesBuildPhase;
			buildActionMask = 2147483647;
			files = (
			);
			runOnlyForDeploymentPostprocessing = 0;
		};
		3B15CD302DA23D100048E30B /* Resources */ = {
			isa = PBXResourcesBuildPhase;
			buildActionMask = 2147483647;
			files = (
			);
			runOnlyForDeploymentPostprocessing = 0;
		};
/* End PBXResourcesBuildPhase section */

/* Begin PBXSourcesBuildPhase section */
		3B15CD172DA23D0F0048E30B /* Sources */ = {
			isa = PBXSourcesBuildPhase;
			buildActionMask = 2147483647;
			files = (
			);
			runOnlyForDeploymentPostprocessing = 0;
		};
		3B15CD242DA23D100048E30B /* Sources */ = {
			isa = PBXSourcesBuildPhase;
			buildActionMask = 2147483647;
			files = (
			);
			runOnlyForDeploymentPostprocessing = 0;
		};
		3B15CD2E2DA23D100048E30B /* Sources */ = {
			isa = PBXSourcesBuildPhase;
			buildActionMask = 2147483647;
			files = (
			);
			runOnlyForDeploymentPostprocessing = 0;
		};
/* End PBXSourcesBuildPhase section */

/* Begin PBXTargetDependency section */
		3B15CD2A2DA23D100048E30B /* PBXTargetDependency */ = {
			isa = PBXTargetDependency;
			target = 3B15CD1A2DA23D0F0048E30B /* TestPikminMap */;
			targetProxy = 3B15CD292DA23D100048E30B /* PBXContainerItemProxy */;
		};
		3B15CD342DA23D100048E30B /* PBXTargetDependency */ = {
			isa = PBXTargetDependency;
			target = 3B15CD1A2DA23D0F0048E30B /* TestPikminMap */;
			targetProxy = 3B15CD332DA23D100048E30B /* PBXContainerItemProxy */;
		};
/* End PBXTargetDependency section */

/* Begin XCBuildConfiguration section */
		3B15CD3A2DA23D100048E30B /* Debug */ = {
			isa = XCBuildConfiguration;
			buildSettings = {
				ALWAYS_SEARCH_USER_PATHS = NO;
				ASSETCATALOG_COMPILER_GENERATE_SWIFT_ASSET_SYMBOL_EXTENSIONS = YES;
				CLANG_ANALYZER_NONNULL = YES;
				CLANG_ANALYZER_NUMBER_OBJECT_CONVERSION = YES_AGGRESSIVE;
				CLANG_CXX_LANGUAGE_STANDARD = "gnu++20";
				CLANG_ENABLE_MODULES = YES;
				CLANG_ENABLE_OBJC_ARC = YES;
				CLANG_ENABLE_OBJC_WEAK = YES;
				CLANG_WARN_BLOCK_CAPTURE_AUTORELEASING = YES;
				CLANG_WARN_BOOL_CONVERSION = YES;
				CLANG_WARN_COMMA = YES;
				CLANG_WARN_CONSTANT_CONVERSION = YES;
				CLANG_WARN_DEPRECATED_OBJC_IMPLEMENTATIONS = YES;
				CLANG_WARN_DIRECT_OBJC_ISA_USAGE = YES_ERROR;
				CLANG_WARN_DOCUMENTATION_COMMENTS = YES;
				CLANG_WARN_EMPTY_BODY = YES;
				CLANG_WARN_ENUM_CONVERSION = YES;
				CLANG_WARN_INFINITE_RECURSION = YES;
				CLANG_WARN_INT_CONVERSION = YES;
				CLANG_WARN_NON_LITERAL_NULL_CONVERSION = YES;
				CLANG_WARN_OBJC_IMPLICIT_RETAIN_SELF = YES;
				CLANG_WARN_OBJC_LITERAL_CONVERSION = YES;
				CLANG_WARN_OBJC_ROOT_CLASS = YES_ERROR;
				CLANG_WARN_QUOTED_INCLUDE_IN_FRAMEWORK_HEADER = YES;
				CLANG_WARN_RANGE_LOOP_ANALYSIS = YES;
				CLANG_WARN_STRICT_PROTOTYPES = YES;
				CLANG_WARN_SUSPICIOUS_MOVE = YES;
				CLANG_WARN_UNGUARDED_AVAILABILITY = YES_AGGRESSIVE;
				CLANG_WARN_UNREACHABLE_CODE = YES;
				CLANG_WARN__DUPLICATE_METHOD_MATCH = YES;
				COPY_PHASE_STRIP = NO;
				DEBUG_INFORMATION_FORMAT = dwarf;
				ENABLE_STRICT_OBJC_MSGSEND = YES;
				ENABLE_TESTABILITY = YES;
				ENABLE_USER_SCRIPT_SANDBOXING = YES;
				GCC_C_LANGUAGE_STANDARD = gnu17;
				GCC_DYNAMIC_NO_PIC = NO;
				GCC_NO_COMMON_BLOCKS = YES;
				GCC_OPTIMIZATION_LEVEL = 0;
				GCC_PREPROCESSOR_DEFINITIONS = (
					"DEBUG=1",
					"$(inherited)",
				);
				GCC_WARN_64_TO_32_BIT_CONVERSION = YES;
				GCC_WARN_ABOUT_RETURN_TYPE = YES_ERROR;
				GCC_WARN_UNDECLARED_SELECTOR = YES;
				GCC_WARN_UNINITIALIZED_AUTOS = YES_AGGRESSIVE;
				GCC_WARN_UNUSED_FUNCTION = YES;
				GCC_WARN_UNUSED_VARIABLE = YES;
				IPHONEOS_DEPLOYMENT_TARGET = 18.4;
				LOCALIZATION_PREFERS_STRING_CATALOGS = YES;
				MTL_ENABLE_DEBUG_INFO = INCLUDE_SOURCE;
				MTL_FAST_MATH = YES;
				ONLY_ACTIVE_ARCH = YES;
				SDKROOT = iphoneos;
				SWIFT_ACTIVE_COMPILATION_CONDITIONS = "DEBUG $(inherited)";
				SWIFT_OPTIMIZATION_LEVEL = "-Onone";
			};
			name = Debug;
		};
		3B15CD3B2DA23D100048E30B /* Release */ = {
			isa = XCBuildConfiguration;
			buildSettings = {
				ALWAYS_SEARCH_USER_PATHS = NO;
				ASSETCATALOG_COMPILER_GENERATE_SWIFT_ASSET_SYMBOL_EXTENSIONS = YES;
				CLANG_ANALYZER_NONNULL = YES;
				CLANG_ANALYZER_NUMBER_OBJECT_CONVERSION = YES_AGGRESSIVE;
				CLANG_CXX_LANGUAGE_STANDARD = "gnu++20";
				CLANG_ENABLE_MODULES = YES;
				CLANG_ENABLE_OBJC_ARC = YES;
				CLANG_ENABLE_OBJC_WEAK = YES;
				CLANG_WARN_BLOCK_CAPTURE_AUTORELEASING = YES;
				CLANG_WARN_BOOL_CONVERSION = YES;
				CLANG_WARN_COMMA = YES;
				CLANG_WARN_CONSTANT_CONVERSION = YES;
				CLANG_WARN_DEPRECATED_OBJC_IMPLEMENTATIONS = YES;
				CLANG_WARN_DIRECT_OBJC_ISA_USAGE = YES_ERROR;
				CLANG_WARN_DOCUMENTATION_COMMENTS = YES;
				CLANG_WARN_EMPTY_BODY = YES;
				CLANG_WARN_ENUM_CONVERSION = YES;
				CLANG_WARN_INFINITE_RECURSION = YES;
				CLANG_WARN_INT_CONVERSION = YES;
				CLANG_WARN_NON_LITERAL_NULL_CONVERSION = YES;
				CLANG_WARN_OBJC_IMPLICIT_RETAIN_SELF = YES;
				CLANG_WARN_OBJC_LITERAL_CONVERSION = YES;
				CLANG_WARN_OBJC_ROOT_CLASS = YES_ERROR;
				CLANG_WARN_QUOTED_INCLUDE_IN_FRAMEWORK_HEADER = YES;
				CLANG_WARN_RANGE_LOOP_ANALYSIS = YES;
				CLANG_WARN_STRICT_PROTOTYPES = YES;
				CLANG_WARN_SUSPICIOUS_MOVE = YES;
				CLANG_WARN_UNGUARDED_AVAILABILITY = YES_AGGRESSIVE;
				CLANG_WARN_UNREACHABLE_CODE = YES;
				CLANG_WARN__DUPLICATE_METHOD_MATCH = YES;
				COPY_PHASE_STRIP = NO;
				DEBUG_INFORMATION_FORMAT = "dwarf-with-dsym";
				ENABLE_NS_ASSERTIONS = NO;
				ENABLE_STRICT_OBJC_MSGSEND = YES;
				ENABLE_USER_SCRIPT_SANDBOXING = YES;
				GCC_C_LANGUAGE_STANDARD = gnu17;
				GCC_NO_COMMON_BLOCKS = YES;
				GCC_WARN_64_TO_32_BIT_CONVERSION = YES;
				GCC_WARN_ABOUT_RETURN_TYPE = YES_ERROR;
				GCC_WARN_UNDECLARED_SELECTOR = YES;
				GCC_WARN_UNINITIALIZED_AUTOS = YES_AGGRESSIVE;
				GCC_WARN_UNUSED_FUNCTION = YES;
				GCC_WARN_UNUSED_VARIABLE = YES;
				IPHONEOS_DEPLOYMENT_TARGET = 18.4;
				LOCALIZATION_PREFERS_STRING_CATALOGS = YES;
				MTL_ENABLE_DEBUG_INFO = NO;
				MTL_FAST_MATH = YES;
				SDKROOT = iphoneos;
				SWIFT_COMPILATION_MODE = wholemodule;
				VALIDATE_PRODUCT = YES;
			};
			name = Release;
		};
		3B15CD3D2DA23D100048E30B /* Debug */ = {
			isa = XCBuildConfiguration;
			buildSettings = {
				ASSETCATALOG_COMPILER_APPICON_NAME = AppIcon;
				ASSETCATALOG_COMPILER_GLOBAL_ACCENT_COLOR_NAME = AccentColor;
				CODE_SIGN_STYLE = Automatic;
				CURRENT_PROJECT_VERSION = 1;
				ENABLE_PREVIEWS = YES;
				GENERATE_INFOPLIST_FILE = YES;
				INFOPLIST_KEY_UIApplicationSceneManifest_Generation = YES;
				INFOPLIST_KEY_UIApplicationSupportsIndirectInputEvents = YES;
				INFOPLIST_KEY_UILaunchScreen_Generation = YES;
				INFOPLIST_KEY_UISupportedInterfaceOrientations_iPad = "UIInterfaceOrientationPortrait UIInterfaceOrientationPortraitUpsideDown UIInterfaceOrientationLandscapeLeft UIInterfaceOrientationLandscapeRight";
				INFOPLIST_KEY_UISupportedInterfaceOrientations_iPhone = "UIInterfaceOrientationPortrait UIInterfaceOrientationLandscapeLeft UIInterfaceOrientationLandscapeRight";
				LD_RUNPATH_SEARCH_PATHS = (
					"$(inherited)",
					"@executable_path/Frameworks",
				);
				MARKETING_VERSION = 1.0;
				PRODUCT_BUNDLE_IDENTIFIER = com.taks178.TestPikminMap;
				PRODUCT_NAME = "$(TARGET_NAME)";
				SWIFT_EMIT_LOC_STRINGS = YES;
				SWIFT_VERSION = 5.0;
				TARGETED_DEVICE_FAMILY = "1,2";
			};
			name = Debug;
		};
		3B15CD3E2DA23D100048E30B /* Release */ = {
			isa = XCBuildConfiguration;
			buildSettings = {
				ASSETCATALOG_COMPILER_APPICON_NAME = AppIcon;
				ASSETCATALOG_COMPILER_GLOBAL_ACCENT_COLOR_NAME = AccentColor;
				CODE_SIGN_STYLE = Automatic;
				CURRENT_PROJECT_VERSION = 1;
				ENABLE_PREVIEWS = YES;
				GENERATE_INFOPLIST_FILE = YES;
				INFOPLIST_KEY_UIApplicationSceneManifest_Generation = YES;
				INFOPLIST_KEY_UIApplicationSupportsIndirectInputEvents = YES;
				INFOPLIST_KEY_UILaunchScreen_Generation = YES;
				INFOPLIST_KEY_UISupportedInterfaceOrientations_iPad = "UIInterfaceOrientationPortrait UIInterfaceOrientationPortraitUpsideDown UIInterfaceOrientationLandscapeLeft UIInterfaceOrientationLandscapeRight";
				INFOPLIST_KEY_UISupportedInterfaceOrientations_iPhone = "UIInterfaceOrientationPortrait UIInterfaceOrientationLandscapeLeft UIInterfaceOrientationLandscapeRight";
				LD_RUNPATH_SEARCH_PATHS = (
					"$(inherited)",
					"@executable_path/Frameworks",
				);
				MARKETING_VERSION = 1.0;
				PRODUCT_BUNDLE_IDENTIFIER = com.taks178.TestPikminMap;
				PRODUCT_NAME = "$(TARGET_NAME)";
				SWIFT_EMIT_LOC_STRINGS = YES;
				SWIFT_VERSION = 5.0;
				TARGETED_DEVICE_FAMILY = "1,2";
			};
			name = Release;
		};
		3B15CD402DA23D100048E30B /* Debug */ = {
			isa = XCBuildConfiguration;
			buildSettings = {
				BUNDLE_LOADER = "$(TEST_HOST)";
				CODE_SIGN_STYLE = Automatic;
				CURRENT_PROJECT_VERSION = 1;
				GENERATE_INFOPLIST_FILE = YES;
				IPHONEOS_DEPLOYMENT_TARGET = 18.4;
				MARKETING_VERSION = 1.0;
				PRODUCT_BUNDLE_IDENTIFIER = com.taks178.TestPikminMapTests;
				PRODUCT_NAME = "$(TARGET_NAME)";
				SWIFT_EMIT_LOC_STRINGS = NO;
				SWIFT_VERSION = 5.0;
				TARGETED_DEVICE_FAMILY = "1,2";
				TEST_HOST = "$(BUILT_PRODUCTS_DIR)/TestPikminMap.app/$(BUNDLE_EXECUTABLE_FOLDER_PATH)/TestPikminMap";
			};
			name = Debug;
		};
		3B15CD412DA23D100048E30B /* Release */ = {
			isa = XCBuildConfiguration;
			buildSettings = {
				BUNDLE_LOADER = "$(TEST_HOST)";
				CODE_SIGN_STYLE = Automatic;
				CURRENT_PROJECT_VERSION = 1;
				GENERATE_INFOPLIST_FILE = YES;
				IPHONEOS_DEPLOYMENT_TARGET = 18.4;
				MARKETING_VERSION = 1.0;
				PRODUCT_BUNDLE_IDENTIFIER = com.taks178.TestPikminMapTests;
				PRODUCT_NAME = "$(TARGET_NAME)";
				SWIFT_EMIT_LOC_STRINGS = NO;
				SWIFT_VERSION = 5.0;
				TARGETED_DEVICE_FAMILY = "1,2";
				TEST_HOST = "$(BUILT_PRODUCTS_DIR)/TestPikminMap.app/$(BUNDLE_EXECUTABLE_FOLDER_PATH)/TestPikminMap";
			};
			name = Release;
		};
		3B15CD432DA23D100048E30B /* Debug */ = {
			isa = XCBuildConfiguration;
			buildSettings = {
				CODE_SIGN_STYLE = Automatic;
				CURRENT_PROJECT_VERSION = 1;
				GENERATE_INFOPLIST_FILE = YES;
				MARKETING_VERSION = 1.0;
				PRODUCT_BUNDLE_IDENTIFIER = com.taks178.TestPikminMapUITests;
				PRODUCT_NAME = "$(TARGET_NAME)";
				SWIFT_EMIT_LOC_STRINGS = NO;
				SWIFT_VERSION = 5.0;
				TARGETED_DEVICE_FAMILY = "1,2";
				TEST_TARGET_NAME = TestPikminMap;
			};
			name = Debug;
		};
		3B15CD442DA23D100048E30B /* Release */ = {
			isa = XCBuildConfiguration;
			buildSettings = {
				CODE_SIGN_STYLE = Automatic;
				CURRENT_PROJECT_VERSION = 1;
				GENERATE_INFOPLIST_FILE = YES;
				MARKETING_VERSION = 1.0;
				PRODUCT_BUNDLE_IDENTIFIER = com.taks178.TestPikminMapUITests;
				PRODUCT_NAME = "$(TARGET_NAME)";
				SWIFT_EMIT_LOC_STRINGS = NO;
				SWIFT_VERSION = 5.0;
				TARGETED_DEVICE_FAMILY = "1,2";
				TEST_TARGET_NAME = TestPikminMap;
			};
			name = Release;
		};
/* End XCBuildConfiguration section */

/* Begin XCConfigurationList section */
		3B15CD162DA23D0F0048E30B /* Build configuration list for PBXProject "TestPikminMap" */ = {
			isa = XCConfigurationList;
			buildConfigurations = (
				3B15CD3A2DA23D100048E30B /* Debug */,
				3B15CD3B2DA23D100048E30B /* Release */,
			);
			defaultConfigurationIsVisible = 0;
			defaultConfigurationName = Release;
		};
		3B15CD3C2DA23D100048E30B /* Build configuration list for PBXNativeTarget "TestPikminMap" */ = {
			isa = XCConfigurationList;
			buildConfigurations = (
				3B15CD3D2DA23D100048E30B /* Debug */,
				3B15CD3E2DA23D100048E30B /* Release */,
			);
			defaultConfigurationIsVisible = 0;
			defaultConfigurationName = Release;
		};
		3B15CD3F2DA23D100048E30B /* Build configuration list for PBXNativeTarget "TestPikminMapTests" */ = {
			isa = XCConfigurationList;
			buildConfigurations = (
				3B15CD402DA23D100048E30B /* Debug */,
				3B15CD412DA23D100048E30B /* Release */,
			);
			defaultConfigurationIsVisible = 0;
			defaultConfigurationName = Release;
		};
		3B15CD422DA23D100048E30B /* Build configuration list for PBXNativeTarget "TestPikminMapUITests" */ = {
			isa = XCConfigurationList;
			buildConfigurations = (
				3B15CD432DA23D100048E30B /* Debug */,
				3B15CD442DA23D100048E30B /* Release */,
			);
			defaultConfigurationIsVisible = 0;
			defaultConfigurationName = Release;
		};
/* End XCConfigurationList section */

/* Begin XCRemoteSwiftPackageReference section */
		3B15CD4B2DA243520048E30B /* XCRemoteSwiftPackageReference "swiftui-dsl" */ = {
			isa = XCRemoteSwiftPackageReference;
			repositoryURL = "https://github.com/maplibre/swiftui-dsl";
			requirement = {
				branch = main;
				kind = branch;
			};
		};
/* End XCRemoteSwiftPackageReference section */

/* Begin XCSwiftPackageProductDependency section */
		3B15CD4C2DA243520048E30B /* MapLibreSwiftDSL */ = {
			isa = XCSwiftPackageProductDependency;
			package = 3B15CD4B2DA243520048E30B /* XCRemoteSwiftPackageReference "swiftui-dsl" */;
			productName = MapLibreSwiftDSL;
		};
		3B15CD4E2DA243520048E30B /* MapLibreSwiftMacros */ = {
			isa = XCSwiftPackageProductDependency;
			package = 3B15CD4B2DA243520048E30B /* XCRemoteSwiftPackageReference "swiftui-dsl" */;
			productName = MapLibreSwiftMacros;
		};
		3B15CD502DA243520048E30B /* MapLibreSwiftUI */ = {
			isa = XCSwiftPackageProductDependency;
			package = 3B15CD4B2DA243520048E30B /* XCRemoteSwiftPackageReference "swiftui-dsl" */;
			productName = MapLibreSwiftUI;
		};
/* End XCSwiftPackageProductDependency section */
	};
	rootObject = 3B15CD132DA23D0F0048E30B /* Project object */;
}
